// !$*UTF8*$!
{
	archiveVersion = 1;
	classes = {
	};
	objectVersion = 46;
	objects = {

/* Begin PBXBuildFile section */
		2F119E8B1A47A32900149C55 /* Person.m in Sources */ = {isa = PBXBuildFile; fileRef = 2F119E8A1A47A32900149C55 /* Person.m */; };
		2F119E8D1A47A40A00149C55 /* UIKit.framework in Frameworks */ = {isa = PBXBuildFile; fileRef = 2F119E8C1A47A40A00149C55 /* UIKit.framework */; };
		2F119E901A47ADBD00149C55 /* PersonWishListViewController.m in Sources */ = {isa = PBXBuildFile; fileRef = 2F119E8F1A47ADBD00149C55 /* PersonWishListViewController.m */; };
		2F119E931A48A1C000149C55 /* Item.m in Sources */ = {isa = PBXBuildFile; fileRef = 2F119E921A48A1C000149C55 /* Item.m */; };
		2F4479431A4F932F00E551AF /* ItemViewController.m in Sources */ = {isa = PBXBuildFile; fileRef = 2F4479421A4F932F00E551AF /* ItemViewController.m */; };
		2F4479451A50D17E00E551AF /* FacebookSDK.framework in Frameworks */ = {isa = PBXBuildFile; fileRef = 2F4479441A50D17E00E551AF /* FacebookSDK.framework */; };
		2F4A80051A47918300DD659B /* main.m in Sources */ = {isa = PBXBuildFile; fileRef = 2F4A80041A47918300DD659B /* main.m */; };
		2F4A80081A47918300DD659B /* AppDelegate.m in Sources */ = {isa = PBXBuildFile; fileRef = 2F4A80071A47918300DD659B /* AppDelegate.m */; };
		2F4A80111A47918300DD659B /* Main.storyboard in Resources */ = {isa = PBXBuildFile; fileRef = 2F4A800F1A47918300DD659B /* Main.storyboard */; };
		2F4A80131A47918400DD659B /* Images.xcassets in Resources */ = {isa = PBXBuildFile; fileRef = 2F4A80121A47918400DD659B /* Images.xcassets */; };
		2F4A80161A47918400DD659B /* LaunchScreen.xib in Resources */ = {isa = PBXBuildFile; fileRef = 2F4A80141A47918400DD659B /* LaunchScreen.xib */; };
		2F4A80221A47918400DD659B /* WishListTests.m in Sources */ = {isa = PBXBuildFile; fileRef = 2F4A80211A47918400DD659B /* WishListTests.m */; };
		2F4A802D1A47978F00DD659B /* PeopleTableViewController.m in Sources */ = {isa = PBXBuildFile; fileRef = 2F4A802C1A47978F00DD659B /* PeopleTableViewController.m */; };
		2FC845D81A50DFBF00C83C93 /* LoginViewController.m in Sources */ = {isa = PBXBuildFile; fileRef = 2FC845D71A50DFBF00C83C93 /* LoginViewController.m */; };
		2FC845DA1A50EC5900C83C93 /* Parse.framework in Frameworks */ = {isa = PBXBuildFile; fileRef = 2FC845D91A50EC5900C83C93 /* Parse.framework */; };
		2FC845DC1A50EE4D00C83C93 /* Bolts.framework in Frameworks */ = {isa = PBXBuildFile; fileRef = 2FC845DB1A50EE4D00C83C93 /* Bolts.framework */; };
		2FC845DE1A50EEA100C83C93 /* AudioToolbox.framework in Frameworks */ = {isa = PBXBuildFile; fileRef = 2FC845DD1A50EEA100C83C93 /* AudioToolbox.framework */; };
		2FC845E01A50EEB000C83C93 /* CFNetwork.framework in Frameworks */ = {isa = PBXBuildFile; fileRef = 2FC845DF1A50EEB000C83C93 /* CFNetwork.framework */; };
		2FC845E21A50EEBB00C83C93 /* CoreGraphics.framework in Frameworks */ = {isa = PBXBuildFile; fileRef = 2FC845E11A50EEBB00C83C93 /* CoreGraphics.framework */; };
		2FC845E41A50EEC400C83C93 /* CoreLocation.framework in Frameworks */ = {isa = PBXBuildFile; fileRef = 2FC845E31A50EEC400C83C93 /* CoreLocation.framework */; };
		2FC845E61A50EED100C83C93 /* MobileCoreServices.framework in Frameworks */ = {isa = PBXBuildFile; fileRef = 2FC845E51A50EED100C83C93 /* MobileCoreServices.framework */; };
		2FC845E81A50EEDB00C83C93 /* QuartzCore.framework in Frameworks */ = {isa = PBXBuildFile; fileRef = 2FC845E71A50EEDB00C83C93 /* QuartzCore.framework */; };
		2FC845EA1A50EEE500C83C93 /* Security.framework in Frameworks */ = {isa = PBXBuildFile; fileRef = 2FC845E91A50EEE500C83C93 /* Security.framework */; };
		2FC845EC1A50EEEB00C83C93 /* StoreKit.framework in Frameworks */ = {isa = PBXBuildFile; fileRef = 2FC845EB1A50EEEB00C83C93 /* StoreKit.framework */; };
		2FC845EE1A50EEF700C83C93 /* SystemConfiguration.framework in Frameworks */ = {isa = PBXBuildFile; fileRef = 2FC845ED1A50EEF700C83C93 /* SystemConfiguration.framework */; };
		2FC845F01A50EF0200C83C93 /* libz.dylib in Frameworks */ = {isa = PBXBuildFile; fileRef = 2FC845EF1A50EF0200C83C93 /* libz.dylib */; };
		2FC845F21A50EF1100C83C93 /* libsqlite3.dylib in Frameworks */ = {isa = PBXBuildFile; fileRef = 2FC845F11A50EF1100C83C93 /* libsqlite3.dylib */; };
		2FC845F41A50F03C00C83C93 /* Accounts.framework in Frameworks */ = {isa = PBXBuildFile; fileRef = 2FC845F31A50F03C00C83C93 /* Accounts.framework */; };
		2FC845F61A50F05900C83C93 /* Social.framework in Frameworks */ = {isa = PBXBuildFile; fileRef = 2FC845F51A50F05900C83C93 /* Social.framework */; };
		2FC845F81A50F2F500C83C93 /* ParseFacebookUtils.framework in Frameworks */ = {isa = PBXBuildFile; fileRef = 2FC845F71A50F2F500C83C93 /* ParseFacebookUtils.framework */; };
		2FC845FE1A54AB6100C83C93 /* LoginViewController.xib in Resources */ = {isa = PBXBuildFile; fileRef = 2FC845FD1A54AB6100C83C93 /* LoginViewController.xib */; };
/* End PBXBuildFile section */

/* Begin PBXContainerItemProxy section */
		2F4A801C1A47918400DD659B /* PBXContainerItemProxy */ = {
			isa = PBXContainerItemProxy;
			containerPortal = 2F4A7FF71A47918300DD659B /* Project object */;
			proxyType = 1;
			remoteGlobalIDString = 2F4A7FFE1A47918300DD659B;
			remoteInfo = WishList;
		};
/* End PBXContainerItemProxy section */

/* Begin PBXFileReference section */
		2F119E891A47A32900149C55 /* Person.h */ = {isa = PBXFileReference; fileEncoding = 4; lastKnownFileType = sourcecode.c.h; path = Person.h; sourceTree = "<group>"; };
		2F119E8A1A47A32900149C55 /* Person.m */ = {isa = PBXFileReference; fileEncoding = 4; lastKnownFileType = sourcecode.c.objc; path = Person.m; sourceTree = "<group>"; };
		2F119E8C1A47A40A00149C55 /* UIKit.framework */ = {isa = PBXFileReference; lastKnownFileType = wrapper.framework; name = UIKit.framework; path = System/Library/Frameworks/UIKit.framework; sourceTree = SDKROOT; };
		2F119E8E1A47ADBD00149C55 /* PersonWishListViewController.h */ = {isa = PBXFileReference; fileEncoding = 4; lastKnownFileType = sourcecode.c.h; path = PersonWishListViewController.h; sourceTree = "<group>"; };
		2F119E8F1A47ADBD00149C55 /* PersonWishListViewController.m */ = {isa = PBXFileReference; fileEncoding = 4; lastKnownFileType = sourcecode.c.objc; path = PersonWishListViewController.m; sourceTree = "<group>"; };
		2F119E911A48A1C000149C55 /* Item.h */ = {isa = PBXFileReference; fileEncoding = 4; lastKnownFileType = sourcecode.c.h; path = Item.h; sourceTree = "<group>"; };
		2F119E921A48A1C000149C55 /* Item.m */ = {isa = PBXFileReference; fileEncoding = 4; lastKnownFileType = sourcecode.c.objc; path = Item.m; sourceTree = "<group>"; };
		2F4479411A4F932F00E551AF /* ItemViewController.h */ = {isa = PBXFileReference; fileEncoding = 4; lastKnownFileType = sourcecode.c.h; path = ItemViewController.h; sourceTree = "<group>"; };
		2F4479421A4F932F00E551AF /* ItemViewController.m */ = {isa = PBXFileReference; fileEncoding = 4; lastKnownFileType = sourcecode.c.objc; path = ItemViewController.m; sourceTree = "<group>"; };
		2F4479441A50D17E00E551AF /* FacebookSDK.framework */ = {isa = PBXFileReference; lastKnownFileType = wrapper.framework; name = FacebookSDK.framework; path = ../../../Documents/FacebookSDK/FacebookSDK.framework; sourceTree = "<group>"; };
		2F4A7FFF1A47918300DD659B /* WishList.app */ = {isa = PBXFileReference; explicitFileType = wrapper.application; includeInIndex = 0; path = WishList.app; sourceTree = BUILT_PRODUCTS_DIR; };
		2F4A80031A47918300DD659B /* Info.plist */ = {isa = PBXFileReference; lastKnownFileType = text.plist.xml; path = Info.plist; sourceTree = "<group>"; };
		2F4A80041A47918300DD659B /* main.m */ = {isa = PBXFileReference; lastKnownFileType = sourcecode.c.objc; path = main.m; sourceTree = "<group>"; };
		2F4A80061A47918300DD659B /* AppDelegate.h */ = {isa = PBXFileReference; lastKnownFileType = sourcecode.c.h; path = AppDelegate.h; sourceTree = "<group>"; };
		2F4A80071A47918300DD659B /* AppDelegate.m */ = {isa = PBXFileReference; lastKnownFileType = sourcecode.c.objc; path = AppDelegate.m; sourceTree = "<group>"; };
		2F4A80101A47918300DD659B /* Base */ = {isa = PBXFileReference; lastKnownFileType = file.storyboard; name = Base; path = Base.lproj/Main.storyboard; sourceTree = "<group>"; };
		2F4A80121A47918400DD659B /* Images.xcassets */ = {isa = PBXFileReference; lastKnownFileType = folder.assetcatalog; path = Images.xcassets; sourceTree = "<group>"; };
		2F4A80151A47918400DD659B /* Base */ = {isa = PBXFileReference; lastKnownFileType = file.xib; name = Base; path = Base.lproj/LaunchScreen.xib; sourceTree = "<group>"; };
		2F4A801B1A47918400DD659B /* WishListTests.xctest */ = {isa = PBXFileReference; explicitFileType = wrapper.cfbundle; includeInIndex = 0; path = WishListTests.xctest; sourceTree = BUILT_PRODUCTS_DIR; };
		2F4A80201A47918400DD659B /* Info.plist */ = {isa = PBXFileReference; lastKnownFileType = text.plist.xml; path = Info.plist; sourceTree = "<group>"; };
		2F4A80211A47918400DD659B /* WishListTests.m */ = {isa = PBXFileReference; lastKnownFileType = sourcecode.c.objc; path = WishListTests.m; sourceTree = "<group>"; };
		2F4A802B1A47978F00DD659B /* PeopleTableViewController.h */ = {isa = PBXFileReference; fileEncoding = 4; lastKnownFileType = sourcecode.c.h; path = PeopleTableViewController.h; sourceTree = "<group>"; };
		2F4A802C1A47978F00DD659B /* PeopleTableViewController.m */ = {isa = PBXFileReference; fileEncoding = 4; lastKnownFileType = sourcecode.c.objc; path = PeopleTableViewController.m; sourceTree = "<group>"; };
		2FC845D61A50DFBF00C83C93 /* LoginViewController.h */ = {isa = PBXFileReference; fileEncoding = 4; lastKnownFileType = sourcecode.c.h; path = LoginViewController.h; sourceTree = "<group>"; };
		2FC845D71A50DFBF00C83C93 /* LoginViewController.m */ = {isa = PBXFileReference; fileEncoding = 4; lastKnownFileType = sourcecode.c.objc; path = LoginViewController.m; sourceTree = "<group>"; };
		2FC845D91A50EC5900C83C93 /* Parse.framework */ = {isa = PBXFileReference; lastKnownFileType = wrapper.framework; name = Parse.framework; path = "../../../Documents/parse-library-1/Parse.framework"; sourceTree = "<group>"; };
		2FC845DB1A50EE4D00C83C93 /* Bolts.framework */ = {isa = PBXFileReference; lastKnownFileType = wrapper.framework; name = Bolts.framework; path = "../../../Documents/parse-library-1/Bolts.framework"; sourceTree = "<group>"; };
		2FC845DD1A50EEA100C83C93 /* AudioToolbox.framework */ = {isa = PBXFileReference; lastKnownFileType = wrapper.framework; name = AudioToolbox.framework; path = System/Library/Frameworks/AudioToolbox.framework; sourceTree = SDKROOT; };
		2FC845DF1A50EEB000C83C93 /* CFNetwork.framework */ = {isa = PBXFileReference; lastKnownFileType = wrapper.framework; name = CFNetwork.framework; path = System/Library/Frameworks/CFNetwork.framework; sourceTree = SDKROOT; };
		2FC845E11A50EEBB00C83C93 /* CoreGraphics.framework */ = {isa = PBXFileReference; lastKnownFileType = wrapper.framework; name = CoreGraphics.framework; path = System/Library/Frameworks/CoreGraphics.framework; sourceTree = SDKROOT; };
		2FC845E31A50EEC400C83C93 /* CoreLocation.framework */ = {isa = PBXFileReference; lastKnownFileType = wrapper.framework; name = CoreLocation.framework; path = System/Library/Frameworks/CoreLocation.framework; sourceTree = SDKROOT; };
		2FC845E51A50EED100C83C93 /* MobileCoreServices.framework */ = {isa = PBXFileReference; lastKnownFileType = wrapper.framework; name = MobileCoreServices.framework; path = System/Library/Frameworks/MobileCoreServices.framework; sourceTree = SDKROOT; };
		2FC845E71A50EEDB00C83C93 /* QuartzCore.framework */ = {isa = PBXFileReference; lastKnownFileType = wrapper.framework; name = QuartzCore.framework; path = System/Library/Frameworks/QuartzCore.framework; sourceTree = SDKROOT; };
		2FC845E91A50EEE500C83C93 /* Security.framework */ = {isa = PBXFileReference; lastKnownFileType = wrapper.framework; name = Security.framework; path = System/Library/Frameworks/Security.framework; sourceTree = SDKROOT; };
		2FC845EB1A50EEEB00C83C93 /* StoreKit.framework */ = {isa = PBXFileReference; lastKnownFileType = wrapper.framework; name = StoreKit.framework; path = System/Library/Frameworks/StoreKit.framework; sourceTree = SDKROOT; };
		2FC845ED1A50EEF700C83C93 /* SystemConfiguration.framework */ = {isa = PBXFileReference; lastKnownFileType = wrapper.framework; name = SystemConfiguration.framework; path = System/Library/Frameworks/SystemConfiguration.framework; sourceTree = SDKROOT; };
		2FC845EF1A50EF0200C83C93 /* libz.dylib */ = {isa = PBXFileReference; lastKnownFileType = "compiled.mach-o.dylib"; name = libz.dylib; path = usr/lib/libz.dylib; sourceTree = SDKROOT; };
		2FC845F11A50EF1100C83C93 /* libsqlite3.dylib */ = {isa = PBXFileReference; lastKnownFileType = "compiled.mach-o.dylib"; name = libsqlite3.dylib; path = usr/lib/libsqlite3.dylib; sourceTree = SDKROOT; };
		2FC845F31A50F03C00C83C93 /* Accounts.framework */ = {isa = PBXFileReference; lastKnownFileType = wrapper.framework; name = Accounts.framework; path = System/Library/Frameworks/Accounts.framework; sourceTree = SDKROOT; };
		2FC845F51A50F05900C83C93 /* Social.framework */ = {isa = PBXFileReference; lastKnownFileType = wrapper.framework; name = Social.framework; path = System/Library/Frameworks/Social.framework; sourceTree = SDKROOT; };
		2FC845F71A50F2F500C83C93 /* ParseFacebookUtils.framework */ = {isa = PBXFileReference; lastKnownFileType = wrapper.framework; name = ParseFacebookUtils.framework; path = "../../../Documents/parse-library-1/ParseFacebookUtils.framework"; sourceTree = "<group>"; };
		2FC845FD1A54AB6100C83C93 /* LoginViewController.xib */ = {isa = PBXFileReference; fileEncoding = 4; lastKnownFileType = file.xib; path = LoginViewController.xib; sourceTree = "<group>"; };
/* End PBXFileReference section */

/* Begin PBXFrameworksBuildPhase section */
		2F4A7FFC1A47918300DD659B /* Frameworks */ = {
			isa = PBXFrameworksBuildPhase;
			buildActionMask = 2147483647;
			files = (
				2FC845F61A50F05900C83C93 /* Social.framework in Frameworks */,
				2FC845F41A50F03C00C83C93 /* Accounts.framework in Frameworks */,
				2FC845F81A50F2F500C83C93 /* ParseFacebookUtils.framework in Frameworks */,
				2FC845F21A50EF1100C83C93 /* libsqlite3.dylib in Frameworks */,
				2FC845F01A50EF0200C83C93 /* libz.dylib in Frameworks */,
				2FC845EE1A50EEF700C83C93 /* SystemConfiguration.framework in Frameworks */,
				2FC845EC1A50EEEB00C83C93 /* StoreKit.framework in Frameworks */,
				2FC845EA1A50EEE500C83C93 /* Security.framework in Frameworks */,
				2FC845E81A50EEDB00C83C93 /* QuartzCore.framework in Frameworks */,
				2FC845E61A50EED100C83C93 /* MobileCoreServices.framework in Frameworks */,
				2FC845E41A50EEC400C83C93 /* CoreLocation.framework in Frameworks */,
				2FC845E21A50EEBB00C83C93 /* CoreGraphics.framework in Frameworks */,
				2FC845E01A50EEB000C83C93 /* CFNetwork.framework in Frameworks */,
				2FC845DE1A50EEA100C83C93 /* AudioToolbox.framework in Frameworks */,
				2F119E8D1A47A40A00149C55 /* UIKit.framework in Frameworks */,
				2FC845DA1A50EC5900C83C93 /* Parse.framework in Frameworks */,
				2F4479451A50D17E00E551AF /* FacebookSDK.framework in Frameworks */,
				2FC845DC1A50EE4D00C83C93 /* Bolts.framework in Frameworks */,
			);
			runOnlyForDeploymentPostprocessing = 0;
		};
		2F4A80181A47918400DD659B /* Frameworks */ = {
			isa = PBXFrameworksBuildPhase;
			buildActionMask = 2147483647;
			files = (
			);
			runOnlyForDeploymentPostprocessing = 0;
		};
/* End PBXFrameworksBuildPhase section */

/* Begin PBXGroup section */
		2F4A7FF61A47918300DD659B = {
			isa = PBXGroup;
			children = (
				2FC845F71A50F2F500C83C93 /* ParseFacebookUtils.framework */,
				2FC845F51A50F05900C83C93 /* Social.framework */,
				2FC845F31A50F03C00C83C93 /* Accounts.framework */,
				2FC845F11A50EF1100C83C93 /* libsqlite3.dylib */,
				2FC845EF1A50EF0200C83C93 /* libz.dylib */,
				2FC845ED1A50EEF700C83C93 /* SystemConfiguration.framework */,
				2FC845EB1A50EEEB00C83C93 /* StoreKit.framework */,
				2FC845E91A50EEE500C83C93 /* Security.framework */,
				2FC845E71A50EEDB00C83C93 /* QuartzCore.framework */,
				2FC845E51A50EED100C83C93 /* MobileCoreServices.framework */,
				2FC845E31A50EEC400C83C93 /* CoreLocation.framework */,
				2FC845E11A50EEBB00C83C93 /* CoreGraphics.framework */,
				2FC845DF1A50EEB000C83C93 /* CFNetwork.framework */,
				2FC845DD1A50EEA100C83C93 /* AudioToolbox.framework */,
				2FC845DB1A50EE4D00C83C93 /* Bolts.framework */,
				2FC845D91A50EC5900C83C93 /* Parse.framework */,
				2F4479441A50D17E00E551AF /* FacebookSDK.framework */,
				2F119E8C1A47A40A00149C55 /* UIKit.framework */,
				2F4A80011A47918300DD659B /* WishList */,
				2F4A801E1A47918400DD659B /* WishListTests */,
				2F4A80001A47918300DD659B /* Products */,
			);
			sourceTree = "<group>";
		};
		2F4A80001A47918300DD659B /* Products */ = {
			isa = PBXGroup;
			children = (
				2F4A7FFF1A47918300DD659B /* WishList.app */,
				2F4A801B1A47918400DD659B /* WishListTests.xctest */,
			);
			name = Products;
			sourceTree = "<group>";
		};
		2F4A80011A47918300DD659B /* WishList */ = {
			isa = PBXGroup;
			children = (
				2F4A80061A47918300DD659B /* AppDelegate.h */,
				2F4A80071A47918300DD659B /* AppDelegate.m */,
				2FC845D61A50DFBF00C83C93 /* LoginViewController.h */,
				2FC845D71A50DFBF00C83C93 /* LoginViewController.m */,
				2F4A802B1A47978F00DD659B /* PeopleTableViewController.h */,
				2F4A802C1A47978F00DD659B /* PeopleTableViewController.m */,
				2F119E8E1A47ADBD00149C55 /* PersonWishListViewController.h */,
				2F119E8F1A47ADBD00149C55 /* PersonWishListViewController.m */,
				2F4479411A4F932F00E551AF /* ItemViewController.h */,
				2F4479421A4F932F00E551AF /* ItemViewController.m */,
				2F119E891A47A32900149C55 /* Person.h */,
				2F119E8A1A47A32900149C55 /* Person.m */,
				2F119E911A48A1C000149C55 /* Item.h */,
				2F119E921A48A1C000149C55 /* Item.m */,
				2F4A800F1A47918300DD659B /* Main.storyboard */,
				2F4A80121A47918400DD659B /* Images.xcassets */,
				2F4A80141A47918400DD659B /* LaunchScreen.xib */,
				2FC845FD1A54AB6100C83C93 /* LoginViewController.xib */,
				2F4A80021A47918300DD659B /* Supporting Files */,
			);
			path = WishList;
			sourceTree = "<group>";
		};
		2F4A80021A47918300DD659B /* Supporting Files */ = {
			isa = PBXGroup;
			children = (
				2F4A80031A47918300DD659B /* Info.plist */,
				2F4A80041A47918300DD659B /* main.m */,
			);
			name = "Supporting Files";
			sourceTree = "<group>";
		};
		2F4A801E1A47918400DD659B /* WishListTests */ = {
			isa = PBXGroup;
			children = (
				2F4A80211A47918400DD659B /* WishListTests.m */,
				2F4A801F1A47918400DD659B /* Supporting Files */,
			);
			path = WishListTests;
			sourceTree = "<group>";
		};
		2F4A801F1A47918400DD659B /* Supporting Files */ = {
			isa = PBXGroup;
			children = (
				2F4A80201A47918400DD659B /* Info.plist */,
			);
			name = "Supporting Files";
			sourceTree = "<group>";
		};
/* End PBXGroup section */

/* Begin PBXNativeTarget section */
		2F4A7FFE1A47918300DD659B /* WishList */ = {
			isa = PBXNativeTarget;
			buildConfigurationList = 2F4A80251A47918400DD659B /* Build configuration list for PBXNativeTarget "WishList" */;
			buildPhases = (
				2F4A7FFB1A47918300DD659B /* Sources */,
				2F4A7FFC1A47918300DD659B /* Frameworks */,
				2F4A7FFD1A47918300DD659B /* Resources */,
			);
			buildRules = (
			);
			dependencies = (
			);
			name = WishList;
			productName = WishList;
			productReference = 2F4A7FFF1A47918300DD659B /* WishList.app */;
			productType = "com.apple.product-type.application";
		};
		2F4A801A1A47918400DD659B /* WishListTests */ = {
			isa = PBXNativeTarget;
			buildConfigurationList = 2F4A80281A47918400DD659B /* Build configuration list for PBXNativeTarget "WishListTests" */;
			buildPhases = (
				2F4A80171A47918400DD659B /* Sources */,
				2F4A80181A47918400DD659B /* Frameworks */,
				2F4A80191A47918400DD659B /* Resources */,
			);
			buildRules = (
			);
			dependencies = (
				2F4A801D1A47918400DD659B /* PBXTargetDependency */,
			);
			name = WishListTests;
			productName = WishListTests;
			productReference = 2F4A801B1A47918400DD659B /* WishListTests.xctest */;
			productType = "com.apple.product-type.bundle.unit-test";
		};
/* End PBXNativeTarget section */

/* Begin PBXProject section */
		2F4A7FF71A47918300DD659B /* Project object */ = {
			isa = PBXProject;
			attributes = {
				LastUpgradeCheck = 0610;
				ORGANIZATIONNAME = "Tyler Dahl";
				TargetAttributes = {
					2F4A7FFE1A47918300DD659B = {
						CreatedOnToolsVersion = 6.1;
					};
					2F4A801A1A47918400DD659B = {
						CreatedOnToolsVersion = 6.1;
						TestTargetID = 2F4A7FFE1A47918300DD659B;
					};
				};
			};
			buildConfigurationList = 2F4A7FFA1A47918300DD659B /* Build configuration list for PBXProject "WishList" */;
			compatibilityVersion = "Xcode 3.2";
			developmentRegion = English;
			hasScannedForEncodings = 0;
			knownRegions = (
				en,
				Base,
			);
			mainGroup = 2F4A7FF61A47918300DD659B;
			productRefGroup = 2F4A80001A47918300DD659B /* Products */;
			projectDirPath = "";
			projectRoot = "";
			targets = (
				2F4A7FFE1A47918300DD659B /* WishList */,
				2F4A801A1A47918400DD659B /* WishListTests */,
			);
		};
/* End PBXProject section */

/* Begin PBXResourcesBuildPhase section */
		2F4A7FFD1A47918300DD659B /* Resources */ = {
			isa = PBXResourcesBuildPhase;
			buildActionMask = 2147483647;
			files = (
				2F4A80111A47918300DD659B /* Main.storyboard in Resources */,
				2F4A80161A47918400DD659B /* LaunchScreen.xib in Resources */,
				2FC845FE1A54AB6100C83C93 /* LoginViewController.xib in Resources */,
				2F4A80131A47918400DD659B /* Images.xcassets in Resources */,
			);
			runOnlyForDeploymentPostprocessing = 0;
		};
		2F4A80191A47918400DD659B /* Resources */ = {
			isa = PBXResourcesBuildPhase;
			buildActionMask = 2147483647;
			files = (
			);
			runOnlyForDeploymentPostprocessing = 0;
		};
/* End PBXResourcesBuildPhase section */

/* Begin PBXSourcesBuildPhase section */
		2F4A7FFB1A47918300DD659B /* Sources */ = {
			isa = PBXSourcesBuildPhase;
			buildActionMask = 2147483647;
			files = (
				2F119E931A48A1C000149C55 /* Item.m in Sources */,
				2F4479431A4F932F00E551AF /* ItemViewController.m in Sources */,
				2F119E8B1A47A32900149C55 /* Person.m in Sources */,
				2F4A802D1A47978F00DD659B /* PeopleTableViewController.m in Sources */,
				2FC845D81A50DFBF00C83C93 /* LoginViewController.m in Sources */,
				2F119E901A47ADBD00149C55 /* PersonWishListViewController.m in Sources */,
				2F4A80081A47918300DD659B /* AppDelegate.m in Sources */,
				2F4A80051A47918300DD659B /* main.m in Sources */,
			);
			runOnlyForDeploymentPostprocessing = 0;
		};
		2F4A80171A47918400DD659B /* Sources */ = {
			isa = PBXSourcesBuildPhase;
			buildActionMask = 2147483647;
			files = (
				2F4A80221A47918400DD659B /* WishListTests.m in Sources */,
			);
			runOnlyForDeploymentPostprocessing = 0;
		};
/* End PBXSourcesBuildPhase section */

/* Begin PBXTargetDependency section */
		2F4A801D1A47918400DD659B /* PBXTargetDependency */ = {
			isa = PBXTargetDependency;
			target = 2F4A7FFE1A47918300DD659B /* WishList */;
			targetProxy = 2F4A801C1A47918400DD659B /* PBXContainerItemProxy */;
		};
/* End PBXTargetDependency section */

/* Begin PBXVariantGroup section */
		2F4A800F1A47918300DD659B /* Main.storyboard */ = {
			isa = PBXVariantGroup;
			children = (
				2F4A80101A47918300DD659B /* Base */,
			);
			name = Main.storyboard;
			sourceTree = "<group>";
		};
		2F4A80141A47918400DD659B /* LaunchScreen.xib */ = {
			isa = PBXVariantGroup;
			children = (
				2F4A80151A47918400DD659B /* Base */,
			);
			name = LaunchScreen.xib;
			sourceTree = "<group>";
		};
/* End PBXVariantGroup section */

/* Begin XCBuildConfiguration section */
		2F4A80231A47918400DD659B /* Debug */ = {
			isa = XCBuildConfiguration;
			buildSettings = {
				ALWAYS_SEARCH_USER_PATHS = NO;
				CLANG_CXX_LANGUAGE_STANDARD = "gnu++0x";
				CLANG_CXX_LIBRARY = "libc++";
				CLANG_ENABLE_MODULES = YES;
				CLANG_ENABLE_OBJC_ARC = YES;
				CLANG_WARN_BOOL_CONVERSION = YES;
				CLANG_WARN_CONSTANT_CONVERSION = YES;
				CLANG_WARN_DIRECT_OBJC_ISA_USAGE = YES_ERROR;
				CLANG_WARN_EMPTY_BODY = YES;
				CLANG_WARN_ENUM_CONVERSION = YES;
				CLANG_WARN_INT_CONVERSION = YES;
				CLANG_WARN_OBJC_ROOT_CLASS = YES_ERROR;
				CLANG_WARN_UNREACHABLE_CODE = YES;
				CLANG_WARN__DUPLICATE_METHOD_MATCH = YES;
				"CODE_SIGN_IDENTITY[sdk=iphoneos*]" = "iPhone Developer";
				COPY_PHASE_STRIP = NO;
				ENABLE_STRICT_OBJC_MSGSEND = YES;
				GCC_C_LANGUAGE_STANDARD = gnu99;
				GCC_DYNAMIC_NO_PIC = NO;
				GCC_OPTIMIZATION_LEVEL = 0;
				GCC_PREPROCESSOR_DEFINITIONS = (
					"DEBUG=1",
					"$(inherited)",
				);
				GCC_SYMBOLS_PRIVATE_EXTERN = NO;
				GCC_WARN_64_TO_32_BIT_CONVERSION = YES;
				GCC_WARN_ABOUT_RETURN_TYPE = YES_ERROR;
				GCC_WARN_UNDECLARED_SELECTOR = YES;
				GCC_WARN_UNINITIALIZED_AUTOS = YES_AGGRESSIVE;
				GCC_WARN_UNUSED_FUNCTION = YES;
				GCC_WARN_UNUSED_VARIABLE = YES;
				IPHONEOS_DEPLOYMENT_TARGET = 8.1;
				MTL_ENABLE_DEBUG_INFO = YES;
				ONLY_ACTIVE_ARCH = YES;
				SDKROOT = iphoneos;
			};
			name = Debug;
		};
		2F4A80241A47918400DD659B /* Release */ = {
			isa = XCBuildConfiguration;
			buildSettings = {
				ALWAYS_SEARCH_USER_PATHS = NO;
				CLANG_CXX_LANGUAGE_STANDARD = "gnu++0x";
				CLANG_CXX_LIBRARY = "libc++";
				CLANG_ENABLE_MODULES = YES;
				CLANG_ENABLE_OBJC_ARC = YES;
				CLANG_WARN_BOOL_CONVERSION = YES;
				CLANG_WARN_CONSTANT_CONVERSION = YES;
				CLANG_WARN_DIRECT_OBJC_ISA_USAGE = YES_ERROR;
				CLANG_WARN_EMPTY_BODY = YES;
				CLANG_WARN_ENUM_CONVERSION = YES;
				CLANG_WARN_INT_CONVERSION = YES;
				CLANG_WARN_OBJC_ROOT_CLASS = YES_ERROR;
				CLANG_WARN_UNREACHABLE_CODE = YES;
				CLANG_WARN__DUPLICATE_METHOD_MATCH = YES;
				"CODE_SIGN_IDENTITY[sdk=iphoneos*]" = "iPhone Developer";
				COPY_PHASE_STRIP = YES;
				ENABLE_NS_ASSERTIONS = NO;
				ENABLE_STRICT_OBJC_MSGSEND = YES;
				GCC_C_LANGUAGE_STANDARD = gnu99;
				GCC_WARN_64_TO_32_BIT_CONVERSION = YES;
				GCC_WARN_ABOUT_RETURN_TYPE = YES_ERROR;
				GCC_WARN_UNDECLARED_SELECTOR = YES;
				GCC_WARN_UNINITIALIZED_AUTOS = YES_AGGRESSIVE;
				GCC_WARN_UNUSED_FUNCTION = YES;
				GCC_WARN_UNUSED_VARIABLE = YES;
				IPHONEOS_DEPLOYMENT_TARGET = 8.1;
				MTL_ENABLE_DEBUG_INFO = NO;
				SDKROOT = iphoneos;
				VALIDATE_PRODUCT = YES;
			};
			name = Release;
		};
		2F4A80261A47918400DD659B /* Debug */ = {
			isa = XCBuildConfiguration;
			buildSettings = {
				ASSETCATALOG_COMPILER_APPICON_NAME = AppIcon;
				FRAMEWORK_SEARCH_PATHS = (
					"$(inherited)",
					/Users/Tyler/Documents/FacebookSDK,
					"/Users/Tyler/Documents/parse-library-1",
				);
				INFOPLIST_FILE = WishList/Info.plist;
				LD_RUNPATH_SEARCH_PATHS = "$(inherited) @executable_path/Frameworks";
				PRODUCT_NAME = "$(TARGET_NAME)";
			};
			name = Debug;
		};
		2F4A80271A47918400DD659B /* Release */ = {
			isa = XCBuildConfiguration;
			buildSettings = {
				ASSETCATALOG_COMPILER_APPICON_NAME = AppIcon;
				FRAMEWORK_SEARCH_PATHS = (
					"$(inherited)",
					/Users/Tyler/Documents/FacebookSDK,
					"/Users/Tyler/Documents/parse-library-1",
				);
				INFOPLIST_FILE = WishList/Info.plist;
				LD_RUNPATH_SEARCH_PATHS = "$(inherited) @executable_path/Frameworks";
				PRODUCT_NAME = "$(TARGET_NAME)";
			};
			name = Release;
		};
		2F4A80291A47918400DD659B /* Debug */ = {
			isa = XCBuildConfiguration;
			buildSettings = {
				BUNDLE_LOADER = "$(TEST_HOST)";
				FRAMEWORK_SEARCH_PATHS = (
					"$(SDKROOT)/Developer/Library/Frameworks",
					"$(inherited)",
				);
				GCC_PREPROCESSOR_DEFINITIONS = (
					"DEBUG=1",
					"$(inherited)",
				);
				INFOPLIST_FILE = WishListTests/Info.plist;
				LD_RUNPATH_SEARCH_PATHS = "$(inherited) @executable_path/Frameworks @loader_path/Frameworks";
				PRODUCT_NAME = "$(TARGET_NAME)";
				TEST_HOST = "$(BUILT_PRODUCTS_DIR)/WishList.app/WishList";
			};
			name = Debug;
		};
		2F4A802A1A47918400DD659B /* Release */ = {
			isa = XCBuildConfiguration;
			buildSettings = {
				BUNDLE_LOADER = "$(TEST_HOST)";
				FRAMEWORK_SEARCH_PATHS = (
					"$(SDKROOT)/Developer/Library/Frameworks",
					"$(inherited)",
				);
				INFOPLIST_FILE = WishListTests/Info.plist;
				LD_RUNPATH_SEARCH_PATHS = "$(inherited) @executable_path/Frameworks @loader_path/Frameworks";
				PRODUCT_NAME = "$(TARGET_NAME)";
				TEST_HOST = "$(BUILT_PRODUCTS_DIR)/WishList.app/WishList";
			};
			name = Release;
		};
/* End XCBuildConfiguration section */

/* Begin XCConfigurationList section */
		2F4A7FFA1A47918300DD659B /* Build configuration list for PBXProject "WishList" */ = {
			isa = XCConfigurationList;
			buildConfigurations = (
				2F4A80231A47918400DD659B /* Debug */,
				2F4A80241A47918400DD659B /* Release */,
			);
			defaultConfigurationIsVisible = 0;
			defaultConfigurationName = Release;
		};
		2F4A80251A47918400DD659B /* Build configuration list for PBXNativeTarget "WishList" */ = {
			isa = XCConfigurationList;
			buildConfigurations = (
				2F4A80261A47918400DD659B /* Debug */,
				2F4A80271A47918400DD659B /* Release */,
			);
			defaultConfigurationIsVisible = 0;
			defaultConfigurationName = Release;
		};
		2F4A80281A47918400DD659B /* Build configuration list for PBXNativeTarget "WishListTests" */ = {
			isa = XCConfigurationList;
			buildConfigurations = (
				2F4A80291A47918400DD659B /* Debug */,
				2F4A802A1A47918400DD659B /* Release */,
			);
			defaultConfigurationIsVisible = 0;
			defaultConfigurationName = Release;
		};
/* End XCConfigurationList section */
	};
	rootObject = 2F4A7FF71A47918300DD659B /* Project object */;
}
